NeoBundleLock jedi-vim 6411de0cd1d2a2959f5a0bf977b3f8ecea2209d0
NeoBundleLock jellybeans.vim 2ca7d8a27072a8f449887179c3fee81cb00f8c18
NeoBundleLock molokai c67bdfcdb31415aa0ade7f8c003261700a885476
NeoBundleLock mustang-vim 6533d7d21bf27cae94d9c2caa575f627f003dfd5
NeoBundleLock neobundle.vim c6fa48cd665071b7a4dbf5ab53f48cd5884716ee
NeoBundleLock neosnippet.vim 9996520d6bf1aaee21f66b5eb561c9f0b306216c
NeoBundleLock nerdtree 68572ef46143c5c7d420a6ec86f1ec4595765ce5
NeoBundleLock unite-colorscheme 505157450fe1a967c6c044d3bfe18d896e3d5d08
NeoBundleLock unite.vim ada33d888934d8a9e60aa8ff828b651aaedb6457
NeoBundleLock vim-colors-solarized 528a59f26d12278698bb946f8fb82a63711eec21
